
Microsoft Visual Studio Solution File, Format Version 12.00
# Visual Studio Version 16
VisualStudioVersion = 16.0.34902.97
MinimumVisualStudioVersion = 10.0.40219.1
Project("{FAE04EC0-301F-11D3-BF4B-00C04F79EFBC}") = "TwentyOne", "TwentyOne\TwentyOne.csproj", "{9214FAC0-BDF3-4AA6-89D4-E9628B361BEA}"
EndProject
Global
	GlobalSection(SolutionConfigurationPlatforms) = preSolution
		Debug|Any CPU = Debug|Any CPU
		Release|Any CPU = Release|Any CPU
	EndGlobalSection
	GlobalSection(ProjectConfigurationPlatforms) = postSolution
		{9214FAC0-BDF3-4AA6-89D4-E9628B361BEA}.Debug|Any CPU.ActiveCfg = Debug|Any CPU
		{9214FAC0-BDF3-4AA6-89D4-E9628B361BEA}.Debug|Any CPU.Build.0 = Debug|Any CPU
		{9214FAC0-BDF3-4AA6-89D4-E9628B361BEA}.Release|Any CPU.ActiveCfg = Release|Any CPU
		{9214FAC0-BDF3-4AA6-89D4-E9628B361BEA}.Release|Any CPU.Build.0 = Release|Any CPU
	EndGlobalSection
	GlobalSection(SolutionProperties) = preSolution
		HideSolutionNode = FALSE
	EndGlobalSection
	GlobalSection(ExtensibilityGlobals) = postSolution
		SolutionGuid = {36A8A325-9ECB-4820-873A-2A94DA133039}
	EndGlobalSection
EndGlobal
