
Microsoft Visual Studio Solution File, Format Version 12.00
# Visual Studio Version 16
VisualStudioVersion = 16.0.34902.97
MinimumVisualStudioVersion = 10.0.40219.1
Project("{FAE04EC0-301F-11D3-BF4B-00C04F79EFBC}") = "myConsoleProject.cs", "myConsoleProject.cs\myConsoleProject.cs.csproj", "{88E1BB49-1FBE-4701-82D7-DDF435FF3B1B}"
EndProject
Global
	GlobalSection(SolutionConfigurationPlatforms) = preSolution
		Debug|Any CPU = Debug|Any CPU
		Release|Any CPU = Release|Any CPU
	EndGlobalSection
	GlobalSection(ProjectConfigurationPlatforms) = postSolution
		{88E1BB49-1FBE-4701-82D7-DDF435FF3B1B}.Debug|Any CPU.ActiveCfg = Debug|Any CPU
		{88E1BB49-1FBE-4701-82D7-DDF435FF3B1B}.Debug|Any CPU.Build.0 = Debug|Any CPU
		{88E1BB49-1FBE-4701-82D7-DDF435FF3B1B}.Release|Any CPU.ActiveCfg = Release|Any CPU
		{88E1BB49-1FBE-4701-82D7-DDF435FF3B1B}.Release|Any CPU.Build.0 = Release|Any CPU
	EndGlobalSection
	GlobalSection(SolutionProperties) = preSolution
		HideSolutionNode = FALSE
	EndGlobalSection
	GlobalSection(ExtensibilityGlobals) = postSolution
		SolutionGuid = {1132364B-20D9-4501-AC60-63ECBC3F1914}
	EndGlobalSection
EndGlobal
