
Microsoft Visual Studio Solution File, Format Version 12.00
# Visual Studio Version 16
VisualStudioVersion = 16.0.34902.97
MinimumVisualStudioVersion = 10.0.40219.1
Project("{FAE04EC0-301F-11D3-BF4B-00C04F79EFBC}") = "CallingMethod", "CallingMethod\CallingMethod.csproj", "{0A4EC9DB-EC44-42B1-957E-DE56E960CE76}"
EndProject
Global
	GlobalSection(SolutionConfigurationPlatforms) = preSolution
		Debug|Any CPU = Debug|Any CPU
		Release|Any CPU = Release|Any CPU
	EndGlobalSection
	GlobalSection(ProjectConfigurationPlatforms) = postSolution
		{0A4EC9DB-EC44-42B1-957E-DE56E960CE76}.Debug|Any CPU.ActiveCfg = Debug|Any CPU
		{0A4EC9DB-EC44-42B1-957E-DE56E960CE76}.Debug|Any CPU.Build.0 = Debug|Any CPU
		{0A4EC9DB-EC44-42B1-957E-DE56E960CE76}.Release|Any CPU.ActiveCfg = Release|Any CPU
		{0A4EC9DB-EC44-42B1-957E-DE56E960CE76}.Release|Any CPU.Build.0 = Release|Any CPU
	EndGlobalSection
	GlobalSection(SolutionProperties) = preSolution
		HideSolutionNode = FALSE
	EndGlobalSection
	GlobalSection(ExtensibilityGlobals) = postSolution
		SolutionGuid = {FF8D0663-BE2B-41FF-8638-7D22A412160B}
	EndGlobalSection
EndGlobal
