
Microsoft Visual Studio Solution File, Format Version 12.00
# Visual Studio Version 16
VisualStudioVersion = 16.0.34902.97
MinimumVisualStudioVersion = 10.0.40219.1
Project("{FAE04EC0-301F-11D3-BF4B-00C04F79EFBC}") = "Struct Assignment", "Struct Assignment\Struct Assignment.csproj", "{88D81AF0-DFE9-4D79-84DF-4DBF314C0446}"
EndProject
Global
	GlobalSection(SolutionConfigurationPlatforms) = preSolution
		Debug|Any CPU = Debug|Any CPU
		Release|Any CPU = Release|Any CPU
	EndGlobalSection
	GlobalSection(ProjectConfigurationPlatforms) = postSolution
		{88D81AF0-DFE9-4D79-84DF-4DBF314C0446}.Debug|Any CPU.ActiveCfg = Debug|Any CPU
		{88D81AF0-DFE9-4D79-84DF-4DBF314C0446}.Debug|Any CPU.Build.0 = Debug|Any CPU
		{88D81AF0-DFE9-4D79-84DF-4DBF314C0446}.Release|Any CPU.ActiveCfg = Release|Any CPU
		{88D81AF0-DFE9-4D79-84DF-4DBF314C0446}.Release|Any CPU.Build.0 = Release|Any CPU
	EndGlobalSection
	GlobalSection(SolutionProperties) = preSolution
		HideSolutionNode = FALSE
	EndGlobalSection
	GlobalSection(ExtensibilityGlobals) = postSolution
		SolutionGuid = {A79D903C-0F6E-4FDE-A0A3-DD0842300A05}
	EndGlobalSection
EndGlobal
